
Microsoft Visual Studio Solution File, Format Version 12.00
# Visual Studio 15
VisualStudioVersion = 15.0.27130.2010
MinimumVisualStudioVersion = 10.0.40219.1
Project("{FAE04EC0-301F-11D3-BF4B-00C04F79EFBC}") = "DrawingGame", "DrawingGame\DrawingGame.csproj", "{EC5017D4-0A1E-41E7-A90F-437578BFEFAA}"
EndProject
Global
	GlobalSection(SolutionConfigurationPlatforms) = preSolution
		Debug|Any CPU = Debug|Any CPU
		Release|Any CPU = Release|Any CPU
	EndGlobalSection
	GlobalSection(ProjectConfigurationPlatforms) = postSolution
		{EC5017D4-0A1E-41E7-A90F-437578BFEFAA}.Debug|Any CPU.ActiveCfg = Debug|Any CPU
		{EC5017D4-0A1E-41E7-A90F-437578BFEFAA}.Debug|Any CPU.Build.0 = Debug|Any CPU
		{EC5017D4-0A1E-41E7-A90F-437578BFEFAA}.Debug|Any CPU.Deploy.0 = Debug|Any CPU
		{EC5017D4-0A1E-41E7-A90F-437578BFEFAA}.Release|Any CPU.ActiveCfg = Release|Any CPU
		{EC5017D4-0A1E-41E7-A90F-437578BFEFAA}.Release|Any CPU.Build.0 = Release|Any CPU
		{EC5017D4-0A1E-41E7-A90F-437578BFEFAA}.Release|Any CPU.Deploy.0 = Release|Any CPU
	EndGlobalSection
	GlobalSection(SolutionProperties) = preSolution
		HideSolutionNode = FALSE
	EndGlobalSection
	GlobalSection(ExtensibilityGlobals) = postSolution
		SolutionGuid = {CB46D698-A84F-44E8-AA3F-928DDFA55DD0}
	EndGlobalSection
EndGlobal
